// !$*UTF8*$!
{
	archiveVersion = 1;
	classes = {
	};
	objectVersion = 55;
	objects = {

/* Begin PBXBuildFile section */
		4FA54C7C8EFEDE9A4DD9B1C9 /* Pods_AVCamera.framework in Frameworks */ = {isa = PBXBuildFile; fileRef = 8E624A35F15861ADB944CAEA /* Pods_AVCamera.framework */; };
		AF4BE96828CEDAB9003C78CE /* RootCoordinator.swift in Sources */ = {isa = PBXBuildFile; fileRef = AF4BE96628CEDAB9003C78CE /* RootCoordinator.swift */; };
		AF4BE96928CEDAB9003C78CE /* Coordinator.swift in Sources */ = {isa = PBXBuildFile; fileRef = AF4BE96728CEDAB9003C78CE /* Coordinator.swift */; };
		AF65444C28CEDD8B0034FBF7 /* UIViewController+UINib.swift in Sources */ = {isa = PBXBuildFile; fileRef = AF65444B28CEDD8B0034FBF7 /* UIViewController+UINib.swift */; };
		AF65445028CEDE350034FBF7 /* CameraViewController.swift in Sources */ = {isa = PBXBuildFile; fileRef = AF65444E28CEDE350034FBF7 /* CameraViewController.swift */; };
		AF65445128CEDE350034FBF7 /* CameraViewController.xib in Resources */ = {isa = PBXBuildFile; fileRef = AF65444F28CEDE350034FBF7 /* CameraViewController.xib */; };
		AF65445328CEDE750034FBF7 /* CameraViewModel.swift in Sources */ = {isa = PBXBuildFile; fileRef = AF65445228CEDE750034FBF7 /* CameraViewModel.swift */; };
		AF65445628CEE01B0034FBF7 /* .swiftlint.yml in Resources */ = {isa = PBXBuildFile; fileRef = AF65445528CEE01B0034FBF7 /* .swiftlint.yml */; };
		AF6C9B9228CED3910039B483 /* AppDelegate.swift in Sources */ = {isa = PBXBuildFile; fileRef = AF6C9B9128CED3910039B483 /* AppDelegate.swift */; };
		AF6C9B9B28CED3930039B483 /* Assets.xcassets in Resources */ = {isa = PBXBuildFile; fileRef = AF6C9B9A28CED3930039B483 /* Assets.xcassets */; };
		AF6C9B9E28CED3930039B483 /* LaunchScreen.storyboard in Resources */ = {isa = PBXBuildFile; fileRef = AF6C9B9C28CED3930039B483 /* LaunchScreen.storyboard */; };
/* End PBXBuildFile section */

/* Begin PBXFileReference section */
		5A055DCDE4DAA342FAA2F923 /* Pods-AVCamera.debug.xcconfig */ = {isa = PBXFileReference; includeInIndex = 1; lastKnownFileType = text.xcconfig; name = "Pods-AVCamera.debug.xcconfig"; path = "Target Support Files/Pods-AVCamera/Pods-AVCamera.debug.xcconfig"; sourceTree = "<group>"; };
		8E624A35F15861ADB944CAEA /* Pods_AVCamera.framework */ = {isa = PBXFileReference; explicitFileType = wrapper.framework; includeInIndex = 0; path = Pods_AVCamera.framework; sourceTree = BUILT_PRODUCTS_DIR; };
		AF4BE96628CEDAB9003C78CE /* RootCoordinator.swift */ = {isa = PBXFileReference; fileEncoding = 4; lastKnownFileType = sourcecode.swift; path = RootCoordinator.swift; sourceTree = "<group>"; };
		AF4BE96728CEDAB9003C78CE /* Coordinator.swift */ = {isa = PBXFileReference; fileEncoding = 4; lastKnownFileType = sourcecode.swift; path = Coordinator.swift; sourceTree = "<group>"; };
		AF65444B28CEDD8B0034FBF7 /* UIViewController+UINib.swift */ = {isa = PBXFileReference; lastKnownFileType = sourcecode.swift; path = "UIViewController+UINib.swift"; sourceTree = "<group>"; };
		AF65444E28CEDE350034FBF7 /* CameraViewController.swift */ = {isa = PBXFileReference; lastKnownFileType = sourcecode.swift; path = CameraViewController.swift; sourceTree = "<group>"; };
		AF65444F28CEDE350034FBF7 /* CameraViewController.xib */ = {isa = PBXFileReference; lastKnownFileType = file.xib; path = CameraViewController.xib; sourceTree = "<group>"; };
		AF65445228CEDE750034FBF7 /* CameraViewModel.swift */ = {isa = PBXFileReference; lastKnownFileType = sourcecode.swift; path = CameraViewModel.swift; sourceTree = "<group>"; };
		AF65445528CEE01B0034FBF7 /* .swiftlint.yml */ = {isa = PBXFileReference; lastKnownFileType = text.yaml; path = .swiftlint.yml; sourceTree = "<group>"; };
		AF6C9B8E28CED3910039B483 /* AVCamera.app */ = {isa = PBXFileReference; explicitFileType = wrapper.application; includeInIndex = 0; path = AVCamera.app; sourceTree = BUILT_PRODUCTS_DIR; };
		AF6C9B9128CED3910039B483 /* AppDelegate.swift */ = {isa = PBXFileReference; lastKnownFileType = sourcecode.swift; path = AppDelegate.swift; sourceTree = "<group>"; };
		AF6C9B9A28CED3930039B483 /* Assets.xcassets */ = {isa = PBXFileReference; lastKnownFileType = folder.assetcatalog; path = Assets.xcassets; sourceTree = "<group>"; };
		AF6C9B9D28CED3930039B483 /* Base */ = {isa = PBXFileReference; lastKnownFileType = file.storyboard; name = Base; path = Base.lproj/LaunchScreen.storyboard; sourceTree = "<group>"; };
		AF6C9B9F28CED3930039B483 /* Info.plist */ = {isa = PBXFileReference; lastKnownFileType = text.plist.xml; path = Info.plist; sourceTree = "<group>"; };
		CA7A96C81E67A8ACCBBE89B3 /* Pods-AVCamera.release.xcconfig */ = {isa = PBXFileReference; includeInIndex = 1; lastKnownFileType = text.xcconfig; name = "Pods-AVCamera.release.xcconfig"; path = "Target Support Files/Pods-AVCamera/Pods-AVCamera.release.xcconfig"; sourceTree = "<group>"; };
/* End PBXFileReference section */

/* Begin PBXFrameworksBuildPhase section */
		AF6C9B8B28CED3910039B483 /* Frameworks */ = {
			isa = PBXFrameworksBuildPhase;
			buildActionMask = 2147483647;
			files = (
				4FA54C7C8EFEDE9A4DD9B1C9 /* Pods_AVCamera.framework in Frameworks */,
			);
			runOnlyForDeploymentPostprocessing = 0;
		};
/* End PBXFrameworksBuildPhase section */

/* Begin PBXGroup section */
		AF4BE96528CEDAB9003C78CE /* Coordinators */ = {
			isa = PBXGroup;
			children = (
				AF4BE96628CEDAB9003C78CE /* RootCoordinator.swift */,
				AF4BE96728CEDAB9003C78CE /* Coordinator.swift */,
			);
			path = Coordinators;
			sourceTree = SOURCE_ROOT;
		};
		AF65444A28CEDD6D0034FBF7 /* Extensions */ = {
			isa = PBXGroup;
			children = (
				AF65444B28CEDD8B0034FBF7 /* UIViewController+UINib.swift */,
			);
			path = Extensions;
			sourceTree = "<group>";
		};
		AF65444D28CEDE1B0034FBF7 /* ViewControllers */ = {
			isa = PBXGroup;
			children = (
				AF65444E28CEDE350034FBF7 /* CameraViewController.swift */,
				AF65444F28CEDE350034FBF7 /* CameraViewController.xib */,
				AF65445228CEDE750034FBF7 /* CameraViewModel.swift */,
			);
			path = ViewControllers;
			sourceTree = "<group>";
		};
		AF6C9B8528CED3910039B483 = {
			isa = PBXGroup;
			children = (
				AF65445528CEE01B0034FBF7 /* .swiftlint.yml */,
				AF6C9B9028CED3910039B483 /* AVCamera */,
				AF6C9B8F28CED3910039B483 /* Products */,
				C82CB94FD21D6D63BEB70B2D /* Pods */,
				C0C2EA6F5B77C14151B46F75 /* Frameworks */,
			);
			sourceTree = "<group>";
		};
		AF6C9B8F28CED3910039B483 /* Products */ = {
			isa = PBXGroup;
			children = (
				AF6C9B8E28CED3910039B483 /* AVCamera.app */,
			);
			name = Products;
			sourceTree = "<group>";
		};
		AF6C9B9028CED3910039B483 /* AVCamera */ = {
			isa = PBXGroup;
			children = (
				AF65444D28CEDE1B0034FBF7 /* ViewControllers */,
				AF65444A28CEDD6D0034FBF7 /* Extensions */,
				AF4BE96528CEDAB9003C78CE /* Coordinators */,
				AF6C9B9128CED3910039B483 /* AppDelegate.swift */,
				AF6C9B9A28CED3930039B483 /* Assets.xcassets */,
				AF6C9B9C28CED3930039B483 /* LaunchScreen.storyboard */,
				AF6C9B9F28CED3930039B483 /* Info.plist */,
			);
			path = AVCamera;
			sourceTree = "<group>";
		};
		C0C2EA6F5B77C14151B46F75 /* Frameworks */ = {
			isa = PBXGroup;
			children = (
				8E624A35F15861ADB944CAEA /* Pods_AVCamera.framework */,
			);
			name = Frameworks;
			sourceTree = "<group>";
		};
		C82CB94FD21D6D63BEB70B2D /* Pods */ = {
			isa = PBXGroup;
			children = (
				5A055DCDE4DAA342FAA2F923 /* Pods-AVCamera.debug.xcconfig */,
				CA7A96C81E67A8ACCBBE89B3 /* Pods-AVCamera.release.xcconfig */,
			);
			path = Pods;
			sourceTree = "<group>";
		};
/* End PBXGroup section */

/* Begin PBXNativeTarget section */
		AF6C9B8D28CED3910039B483 /* AVCamera */ = {
			isa = PBXNativeTarget;
			buildConfigurationList = AF6C9BA228CED3930039B483 /* Build configuration list for PBXNativeTarget "AVCamera" */;
			buildPhases = (
				5E8E590D8AF90B40B282C34C /* [CP] Check Pods Manifest.lock */,
				AF6C9B8A28CED3910039B483 /* Sources */,
				AF6C9B8B28CED3910039B483 /* Frameworks */,
				AF6C9B8C28CED3910039B483 /* Resources */,
				2C7BB33F67D070D6EED322F0 /* [CP] Embed Pods Frameworks */,
				AF65445428CEDF690034FBF7 /* ShellScript */,
			);
			buildRules = (
			);
			dependencies = (
			);
			name = AVCamera;
			productName = AVCamera;
			productReference = AF6C9B8E28CED3910039B483 /* AVCamera.app */;
			productType = "com.apple.product-type.application";
		};
/* End PBXNativeTarget section */

/* Begin PBXProject section */
		AF6C9B8628CED3910039B483 /* Project object */ = {
			isa = PBXProject;
			attributes = {
				BuildIndependentTargetsInParallel = 1;
				LastSwiftUpdateCheck = 1340;
				LastUpgradeCheck = 1340;
				TargetAttributes = {
					AF6C9B8D28CED3910039B483 = {
						CreatedOnToolsVersion = 13.4.1;
					};
				};
			};
			buildConfigurationList = AF6C9B8928CED3910039B483 /* Build configuration list for PBXProject "AVCamera" */;
			compatibilityVersion = "Xcode 13.0";
			developmentRegion = en;
			hasScannedForEncodings = 0;
			knownRegions = (
				en,
				Base,
			);
			mainGroup = AF6C9B8528CED3910039B483;
			productRefGroup = AF6C9B8F28CED3910039B483 /* Products */;
			projectDirPath = "";
			projectRoot = "";
			targets = (
				AF6C9B8D28CED3910039B483 /* AVCamera */,
			);
		};
/* End PBXProject section */

/* Begin PBXResourcesBuildPhase section */
		AF6C9B8C28CED3910039B483 /* Resources */ = {
			isa = PBXResourcesBuildPhase;
			buildActionMask = 2147483647;
			files = (
				AF65445628CEE01B0034FBF7 /* .swiftlint.yml in Resources */,
				AF65445128CEDE350034FBF7 /* CameraViewController.xib in Resources */,
				AF6C9B9E28CED3930039B483 /* LaunchScreen.storyboard in Resources */,
				AF6C9B9B28CED3930039B483 /* Assets.xcassets in Resources */,
			);
			runOnlyForDeploymentPostprocessing = 0;
		};
/* End PBXResourcesBuildPhase section */

/* Begin PBXShellScriptBuildPhase section */
		2C7BB33F67D070D6EED322F0 /* [CP] Embed Pods Frameworks */ = {
			isa = PBXShellScriptBuildPhase;
			buildActionMask = 2147483647;
			files = (
			);
			inputFileListPaths = (
				"${PODS_ROOT}/Target Support Files/Pods-AVCamera/Pods-AVCamera-frameworks-${CONFIGURATION}-input-files.xcfilelist",
			);
			name = "[CP] Embed Pods Frameworks";
			outputFileListPaths = (
				"${PODS_ROOT}/Target Support Files/Pods-AVCamera/Pods-AVCamera-frameworks-${CONFIGURATION}-output-files.xcfilelist",
			);
			runOnlyForDeploymentPostprocessing = 0;
			shellPath = /bin/sh;
			shellScript = "\"${PODS_ROOT}/Target Support Files/Pods-AVCamera/Pods-AVCamera-frameworks.sh\"\n";
			showEnvVarsInLog = 0;
		};
		5E8E590D8AF90B40B282C34C /* [CP] Check Pods Manifest.lock */ = {
			isa = PBXShellScriptBuildPhase;
			buildActionMask = 2147483647;
			files = (
			);
			inputFileListPaths = (
			);
			inputPaths = (
				"${PODS_PODFILE_DIR_PATH}/Podfile.lock",
				"${PODS_ROOT}/Manifest.lock",
			);
			name = "[CP] Check Pods Manifest.lock";
			outputFileListPaths = (
			);
			outputPaths = (
				"$(DERIVED_FILE_DIR)/Pods-AVCamera-checkManifestLockResult.txt",
			);
			runOnlyForDeploymentPostprocessing = 0;
			shellPath = /bin/sh;
			shellScript = "diff \"${PODS_PODFILE_DIR_PATH}/Podfile.lock\" \"${PODS_ROOT}/Manifest.lock\" > /dev/null\nif [ $? != 0 ] ; then\n    # print error to STDERR\n    echo \"error: The sandbox is not in sync with the Podfile.lock. Run 'pod install' or update your CocoaPods installation.\" >&2\n    exit 1\nfi\n# This output is used by Xcode 'outputs' to avoid re-running this script phase.\necho \"SUCCESS\" > \"${SCRIPT_OUTPUT_FILE_0}\"\n";
			showEnvVarsInLog = 0;
		};
		AF65445428CEDF690034FBF7 /* ShellScript */ = {
			isa = PBXShellScriptBuildPhase;
			buildActionMask = 2147483647;
			files = (
			);
			inputFileListPaths = (
			);
			inputPaths = (
			);
			outputFileListPaths = (
			);
			outputPaths = (
			);
			runOnlyForDeploymentPostprocessing = 0;
			shellPath = /bin/sh;
			shellScript = "\"${PODS_ROOT}/SwiftLint/swiftlint\"\n";
		};
/* End PBXShellScriptBuildPhase section */

/* Begin PBXSourcesBuildPhase section */
		AF6C9B8A28CED3910039B483 /* Sources */ = {
			isa = PBXSourcesBuildPhase;
			buildActionMask = 2147483647;
			files = (
				AF4BE96928CEDAB9003C78CE /* Coordinator.swift in Sources */,
				AF65445028CEDE350034FBF7 /* CameraViewController.swift in Sources */,
				AF4BE96828CEDAB9003C78CE /* RootCoordinator.swift in Sources */,
				AF65444C28CEDD8B0034FBF7 /* UIViewController+UINib.swift in Sources */,
				AF6C9B9228CED3910039B483 /* AppDelegate.swift in Sources */,
				AF65445328CEDE750034FBF7 /* CameraViewModel.swift in Sources */,
			);
			runOnlyForDeploymentPostprocessing = 0;
		};
/* End PBXSourcesBuildPhase section */

/* Begin PBXVariantGroup section */
		AF6C9B9C28CED3930039B483 /* LaunchScreen.storyboard */ = {
			isa = PBXVariantGroup;
			children = (
				AF6C9B9D28CED3930039B483 /* Base */,
			);
			name = LaunchScreen.storyboard;
			sourceTree = "<group>";
		};
/* End PBXVariantGroup section */

/* Begin XCBuildConfiguration section */
		AF6C9BA028CED3930039B483 /* Debug */ = {
			isa = XCBuildConfiguration;
			buildSettings = {
				ALWAYS_SEARCH_USER_PATHS = NO;
				CLANG_ANALYZER_NONNULL = YES;
				CLANG_ANALYZER_NUMBER_OBJECT_CONVERSION = YES_AGGRESSIVE;
				CLANG_CXX_LANGUAGE_STANDARD = "gnu++17";
				CLANG_ENABLE_MODULES = YES;
				CLANG_ENABLE_OBJC_ARC = YES;
				CLANG_ENABLE_OBJC_WEAK = YES;
				CLANG_WARN_BLOCK_CAPTURE_AUTORELEASING = YES;
				CLANG_WARN_BOOL_CONVERSION = YES;
				CLANG_WARN_COMMA = YES;
				CLANG_WARN_CONSTANT_CONVERSION = YES;
				CLANG_WARN_DEPRECATED_OBJC_IMPLEMENTATIONS = YES;
				CLANG_WARN_DIRECT_OBJC_ISA_USAGE = YES_ERROR;
				CLANG_WARN_DOCUMENTATION_COMMENTS = YES;
				CLANG_WARN_EMPTY_BODY = YES;
				CLANG_WARN_ENUM_CONVERSION = YES;
				CLANG_WARN_INFINITE_RECURSION = YES;
				CLANG_WARN_INT_CONVERSION = YES;
				CLANG_WARN_NON_LITERAL_NULL_CONVERSION = YES;
				CLANG_WARN_OBJC_IMPLICIT_RETAIN_SELF = YES;
				CLANG_WARN_OBJC_LITERAL_CONVERSION = YES;
				CLANG_WARN_OBJC_ROOT_CLASS = YES_ERROR;
				CLANG_WARN_QUOTED_INCLUDE_IN_FRAMEWORK_HEADER = YES;
				CLANG_WARN_RANGE_LOOP_ANALYSIS = YES;
				CLANG_WARN_STRICT_PROTOTYPES = YES;
				CLANG_WARN_SUSPICIOUS_MOVE = YES;
				CLANG_WARN_UNGUARDED_AVAILABILITY = YES_AGGRESSIVE;
				CLANG_WARN_UNREACHABLE_CODE = YES;
				CLANG_WARN__DUPLICATE_METHOD_MATCH = YES;
				COPY_PHASE_STRIP = NO;
				DEBUG_INFORMATION_FORMAT = dwarf;
				ENABLE_STRICT_OBJC_MSGSEND = YES;
				ENABLE_TESTABILITY = YES;
				GCC_C_LANGUAGE_STANDARD = gnu11;
				GCC_DYNAMIC_NO_PIC = NO;
				GCC_NO_COMMON_BLOCKS = YES;
				GCC_OPTIMIZATION_LEVEL = 0;
				GCC_PREPROCESSOR_DEFINITIONS = (
					"DEBUG=1",
					"$(inherited)",
				);
				GCC_WARN_64_TO_32_BIT_CONVERSION = YES;
				GCC_WARN_ABOUT_RETURN_TYPE = YES_ERROR;
				GCC_WARN_UNDECLARED_SELECTOR = YES;
				GCC_WARN_UNINITIALIZED_AUTOS = YES_AGGRESSIVE;
				GCC_WARN_UNUSED_FUNCTION = YES;
				GCC_WARN_UNUSED_VARIABLE = YES;
				IPHONEOS_DEPLOYMENT_TARGET = 15.5;
				MTL_ENABLE_DEBUG_INFO = INCLUDE_SOURCE;
				MTL_FAST_MATH = YES;
				ONLY_ACTIVE_ARCH = YES;
				SDKROOT = iphoneos;
				SWIFT_ACTIVE_COMPILATION_CONDITIONS = DEBUG;
				SWIFT_OPTIMIZATION_LEVEL = "-Onone";
			};
			name = Debug;
		};
		AF6C9BA128CED3930039B483 /* Release */ = {
			isa = XCBuildConfiguration;
			buildSettings = {
				ALWAYS_SEARCH_USER_PATHS = NO;
				CLANG_ANALYZER_NONNULL = YES;
				CLANG_ANALYZER_NUMBER_OBJECT_CONVERSION = YES_AGGRESSIVE;
				CLANG_CXX_LANGUAGE_STANDARD = "gnu++17";
				CLANG_ENABLE_MODULES = YES;
				CLANG_ENABLE_OBJC_ARC = YES;
				CLANG_ENABLE_OBJC_WEAK = YES;
				CLANG_WARN_BLOCK_CAPTURE_AUTORELEASING = YES;
				CLANG_WARN_BOOL_CONVERSION = YES;
				CLANG_WARN_COMMA = YES;
				CLANG_WARN_CONSTANT_CONVERSION = YES;
				CLANG_WARN_DEPRECATED_OBJC_IMPLEMENTATIONS = YES;
				CLANG_WARN_DIRECT_OBJC_ISA_USAGE = YES_ERROR;
				CLANG_WARN_DOCUMENTATION_COMMENTS = YES;
				CLANG_WARN_EMPTY_BODY = YES;
				CLANG_WARN_ENUM_CONVERSION = YES;
				CLANG_WARN_INFINITE_RECURSION = YES;
				CLANG_WARN_INT_CONVERSION = YES;
				CLANG_WARN_NON_LITERAL_NULL_CONVERSION = YES;
				CLANG_WARN_OBJC_IMPLICIT_RETAIN_SELF = YES;
				CLANG_WARN_OBJC_LITERAL_CONVERSION = YES;
				CLANG_WARN_OBJC_ROOT_CLASS = YES_ERROR;
				CLANG_WARN_QUOTED_INCLUDE_IN_FRAMEWORK_HEADER = YES;
				CLANG_WARN_RANGE_LOOP_ANALYSIS = YES;
				CLANG_WARN_STRICT_PROTOTYPES = YES;
				CLANG_WARN_SUSPICIOUS_MOVE = YES;
				CLANG_WARN_UNGUARDED_AVAILABILITY = YES_AGGRESSIVE;
				CLANG_WARN_UNREACHABLE_CODE = YES;
				CLANG_WARN__DUPLICATE_METHOD_MATCH = YES;
				COPY_PHASE_STRIP = NO;
				DEBUG_INFORMATION_FORMAT = "dwarf-with-dsym";
				ENABLE_NS_ASSERTIONS = NO;
				ENABLE_STRICT_OBJC_MSGSEND = YES;
				GCC_C_LANGUAGE_STANDARD = gnu11;
				GCC_NO_COMMON_BLOCKS = YES;
				GCC_WARN_64_TO_32_BIT_CONVERSION = YES;
				GCC_WARN_ABOUT_RETURN_TYPE = YES_ERROR;
				GCC_WARN_UNDECLARED_SELECTOR = YES;
				GCC_WARN_UNINITIALIZED_AUTOS = YES_AGGRESSIVE;
				GCC_WARN_UNUSED_FUNCTION = YES;
				GCC_WARN_UNUSED_VARIABLE = YES;
				IPHONEOS_DEPLOYMENT_TARGET = 15.5;
				MTL_ENABLE_DEBUG_INFO = NO;
				MTL_FAST_MATH = YES;
				SDKROOT = iphoneos;
				SWIFT_COMPILATION_MODE = wholemodule;
				SWIFT_OPTIMIZATION_LEVEL = "-O";
				VALIDATE_PRODUCT = YES;
			};
			name = Release;
		};
		AF6C9BA328CED3930039B483 /* Debug */ = {
			isa = XCBuildConfiguration;
			baseConfigurationReference = 5A055DCDE4DAA342FAA2F923 /* Pods-AVCamera.debug.xcconfig */;
			buildSettings = {
				ASSETCATALOG_COMPILER_APPICON_NAME = AppIcon;
				ASSETCATALOG_COMPILER_GLOBAL_ACCENT_COLOR_NAME = AccentColor;
				CODE_SIGN_STYLE = Automatic;
				CURRENT_PROJECT_VERSION = 1;
				DEVELOPMENT_TEAM = G9B4VPJY3R;
				GENERATE_INFOPLIST_FILE = YES;
				INFOPLIST_FILE = AVCamera/Info.plist;
				INFOPLIST_KEY_UIApplicationSupportsIndirectInputEvents = YES;
				INFOPLIST_KEY_UILaunchStoryboardName = LaunchScreen;
				INFOPLIST_KEY_UIMainStoryboardFile = Main;
				INFOPLIST_KEY_UISupportedInterfaceOrientations_iPad = "UIInterfaceOrientationPortrait UIInterfaceOrientationPortraitUpsideDown UIInterfaceOrientationLandscapeLeft UIInterfaceOrientationLandscapeRight";
				INFOPLIST_KEY_UISupportedInterfaceOrientations_iPhone = "UIInterfaceOrientationPortrait UIInterfaceOrientationLandscapeLeft UIInterfaceOrientationLandscapeRight";
				LD_RUNPATH_SEARCH_PATHS = (
					"$(inherited)",
					"@executable_path/Frameworks",
				);
				MARKETING_VERSION = 1.0;
				PRODUCT_BUNDLE_IDENTIFIER = com.kravchenko.selfed.AVCamera;
				PRODUCT_NAME = "$(TARGET_NAME)";
				SWIFT_EMIT_LOC_STRINGS = YES;
				SWIFT_VERSION = 5.0;
				TARGETED_DEVICE_FAMILY = "1,2";
			};
			name = Debug;
		};
		AF6C9BA428CED3930039B483 /* Release */ = {
			isa = XCBuildConfiguration;
			baseConfigurationReference = CA7A96C81E67A8ACCBBE89B3 /* Pods-AVCamera.release.xcconfig */;
			buildSettings = {
				ASSETCATALOG_COMPILER_APPICON_NAME = AppIcon;
				ASSETCATALOG_COMPILER_GLOBAL_ACCENT_COLOR_NAME = AccentColor;
				CODE_SIGN_STYLE = Automatic;
				CURRENT_PROJECT_VERSION = 1;
				DEVELOPMENT_TEAM = G9B4VPJY3R;
				GENERATE_INFOPLIST_FILE = YES;
				INFOPLIST_FILE = AVCamera/Info.plist;
				INFOPLIST_KEY_UIApplicationSupportsIndirectInputEvents = YES;
				INFOPLIST_KEY_UILaunchStoryboardName = LaunchScreen;
				INFOPLIST_KEY_UIMainStoryboardFile = Main;
				INFOPLIST_KEY_UISupportedInterfaceOrientations_iPad = "UIInterfaceOrientationPortrait UIInterfaceOrientationPortraitUpsideDown UIInterfaceOrientationLandscapeLeft UIInterfaceOrientationLandscapeRight";
				INFOPLIST_KEY_UISupportedInterfaceOrientations_iPhone = "UIInterfaceOrientationPortrait UIInterfaceOrientationLandscapeLeft UIInterfaceOrientationLandscapeRight";
				LD_RUNPATH_SEARCH_PATHS = (
					"$(inherited)",
					"@executable_path/Frameworks",
				);
				MARKETING_VERSION = 1.0;
				PRODUCT_BUNDLE_IDENTIFIER = com.kravchenko.selfed.AVCamera;
				PRODUCT_NAME = "$(TARGET_NAME)";
				SWIFT_EMIT_LOC_STRINGS = YES;
				SWIFT_VERSION = 5.0;
				TARGETED_DEVICE_FAMILY = "1,2";
			};
			name = Release;
		};
/* End XCBuildConfiguration section */

/* Begin XCConfigurationList section */
		AF6C9B8928CED3910039B483 /* Build configuration list for PBXProject "AVCamera" */ = {
			isa = XCConfigurationList;
			buildConfigurations = (
				AF6C9BA028CED3930039B483 /* Debug */,
				AF6C9BA128CED3930039B483 /* Release */,
			);
			defaultConfigurationIsVisible = 0;
			defaultConfigurationName = Release;
		};
		AF6C9BA228CED3930039B483 /* Build configuration list for PBXNativeTarget "AVCamera" */ = {
			isa = XCConfigurationList;
			buildConfigurations = (
				AF6C9BA328CED3930039B483 /* Debug */,
				AF6C9BA428CED3930039B483 /* Release */,
			);
			defaultConfigurationIsVisible = 0;
			defaultConfigurationName = Release;
		};
/* End XCConfigurationList section */
	};
	rootObject = AF6C9B8628CED3910039B483 /* Project object */;
}
